// !$*UTF8*$!
{
	archiveVersion = 1;
	classes = {
	};
	objectVersion = 50;
	objects = {

/* Begin PBXBuildFile section */
		54EFFF8D21A00BD90074FFCB /* AppDelegate.swift in Sources */ = {isa = PBXBuildFile; fileRef = 54EFFF8C21A00BD90074FFCB /* AppDelegate.swift */; };
		54EFFF8F21A00BD90074FFCB /* ViewController.swift in Sources */ = {isa = PBXBuildFile; fileRef = 54EFFF8E21A00BD90074FFCB /* ViewController.swift */; };
		54EFFF9221A00BD90074FFCB /* Main.storyboard in Resources */ = {isa = PBXBuildFile; fileRef = 54EFFF9021A00BD90074FFCB /* Main.storyboard */; };
		54EFFF9421A00BDA0074FFCB /* Assets.xcassets in Resources */ = {isa = PBXBuildFile; fileRef = 54EFFF9321A00BDA0074FFCB /* Assets.xcassets */; };
		54EFFF9721A00BDA0074FFCB /* LaunchScreen.storyboard in Resources */ = {isa = PBXBuildFile; fileRef = 54EFFF9521A00BDA0074FFCB /* LaunchScreen.storyboard */; };
		54EFFF9F21A018DC0074FFCB /* Main2.storyboard in Resources */ = {isa = PBXBuildFile; fileRef = 54EFFF9E21A018DC0074FFCB /* Main2.storyboard */; };
		54EFFFAE21A0460A0074FFCB /* UItableViewExtension.swift in Sources */ = {isa = PBXBuildFile; fileRef = 54EFFFAD21A0460A0074FFCB /* UItableViewExtension.swift */; };
		54EFFFB021A0473D0074FFCB /* MainHeaderView.xib in Resources */ = {isa = PBXBuildFile; fileRef = 54EFFFAF21A0473D0074FFCB /* MainHeaderView.xib */; };
		54EFFFB321A047940074FFCB /* MainHeaderView.swift in Sources */ = {isa = PBXBuildFile; fileRef = 54EFFFB221A047940074FFCB /* MainHeaderView.swift */; };
		54EFFFB521A04B240074FFCB /* RequestsFeedViewController.swift in Sources */ = {isa = PBXBuildFile; fileRef = 54EFFFB421A04B240074FFCB /* RequestsFeedViewController.swift */; };
		DE1FFC3C21A04DF300C696AD /* PinLayout+Warning.swift in Sources */ = {isa = PBXBuildFile; fileRef = DE1FFC2421A04DF200C696AD /* PinLayout+Warning.swift */; };
		DE1FFC3D21A04DF300C696AD /* PinSafeArea.swift in Sources */ = {isa = PBXBuildFile; fileRef = DE1FFC2521A04DF200C696AD /* PinSafeArea.swift */; };
		DE1FFC3E21A04DF300C696AD /* TypesImpl.swift in Sources */ = {isa = PBXBuildFile; fileRef = DE1FFC2621A04DF200C696AD /* TypesImpl.swift */; };
		DE1FFC3F21A04DF300C696AD /* PinLayout+Coordinates.swift in Sources */ = {isa = PBXBuildFile; fileRef = DE1FFC2721A04DF200C696AD /* PinLayout+Coordinates.swift */; };
		DE1FFC4021A04DF300C696AD /* PinLayout+Layouting.swift in Sources */ = {isa = PBXBuildFile; fileRef = DE1FFC2821A04DF200C696AD /* PinLayout+Layouting.swift */; };
		DE1FFC4121A04DF300C696AD /* Percent.swift in Sources */ = {isa = PBXBuildFile; fileRef = DE1FFC2921A04DF200C696AD /* Percent.swift */; };
		DE1FFC4221A04DF300C696AD /* Coordinates.swift in Sources */ = {isa = PBXBuildFile; fileRef = DE1FFC2A21A04DF200C696AD /* Coordinates.swift */; };
		DE1FFC4321A04DF300C696AD /* PinLayout+Between.swift in Sources */ = {isa = PBXBuildFile; fileRef = DE1FFC2B21A04DF200C696AD /* PinLayout+Between.swift */; };
		DE1FFC4421A04DF300C696AD /* PinLayout+WrapContent.swift in Sources */ = {isa = PBXBuildFile; fileRef = DE1FFC2C21A04DF300C696AD /* PinLayout+WrapContent.swift */; };
		DE1FFC4521A04DF300C696AD /* SizeCalculable.swift in Sources */ = {isa = PBXBuildFile; fileRef = DE1FFC2D21A04DF300C696AD /* SizeCalculable.swift */; };
		DE1FFC4621A04DF300C696AD /* Pin.swift in Sources */ = {isa = PBXBuildFile; fileRef = DE1FFC2E21A04DF300C696AD /* Pin.swift */; };
		DE1FFC4721A04DF300C696AD /* Layoutable+PinLayout.swift in Sources */ = {isa = PBXBuildFile; fileRef = DE1FFC2F21A04DF300C696AD /* Layoutable+PinLayout.swift */; };
		DE1FFC4821A04DF300C696AD /* Filters.swift in Sources */ = {isa = PBXBuildFile; fileRef = DE1FFC3021A04DF300C696AD /* Filters.swift */; };
		DE1FFC4921A04DF300C696AD /* Types.swift in Sources */ = {isa = PBXBuildFile; fileRef = DE1FFC3121A04DF300C696AD /* Types.swift */; };
		DE1FFC4A21A04DF300C696AD /* Types+Description.swift in Sources */ = {isa = PBXBuildFile; fileRef = DE1FFC3221A04DF300C696AD /* Types+Description.swift */; };
		DE1FFC4B21A04DF300C696AD /* PinLayout.swift in Sources */ = {isa = PBXBuildFile; fileRef = DE1FFC3321A04DF300C696AD /* PinLayout.swift */; };
		DE1FFC4C21A04DF300C696AD /* UIView+PinLayout.swift in Sources */ = {isa = PBXBuildFile; fileRef = DE1FFC3521A04DF300C696AD /* UIView+PinLayout.swift */; };
		DE1FFC4E21A04DF300C696AD /* PEdgeInsets+Operators.swift in Sources */ = {isa = PBXBuildFile; fileRef = DE1FFC3721A04DF300C696AD /* PEdgeInsets+Operators.swift */; };
		DE1FFC4F21A04DF300C696AD /* CALayer+PinLayout.swift in Sources */ = {isa = PBXBuildFile; fileRef = DE1FFC3821A04DF300C696AD /* CALayer+PinLayout.swift */; };
		DE1FFC5021A04DF300C696AD /* PinLayout+Relative.swift in Sources */ = {isa = PBXBuildFile; fileRef = DE1FFC3921A04DF300C696AD /* PinLayout+Relative.swift */; };
		DE1FFC5121A04DF300C696AD /* Layoutable.swift in Sources */ = {isa = PBXBuildFile; fileRef = DE1FFC3A21A04DF300C696AD /* Layoutable.swift */; };
		DE1FFC5221A04DF300C696AD /* PinLayout+Size.swift in Sources */ = {isa = PBXBuildFile; fileRef = DE1FFC3B21A04DF300C696AD /* PinLayout+Size.swift */; };
		DE6DAE5221A0213E0012040B /* UserSearchController.swift in Sources */ = {isa = PBXBuildFile; fileRef = DE6DAE5121A0213E0012040B /* UserSearchController.swift */; };
/* End PBXBuildFile section */

/* Begin PBXFileReference section */
		54EFFF8921A00BD90074FFCB /* RosbankHackathon.app */ = {isa = PBXFileReference; explicitFileType = wrapper.application; includeInIndex = 0; path = RosbankHackathon.app; sourceTree = BUILT_PRODUCTS_DIR; };
		54EFFF8C21A00BD90074FFCB /* AppDelegate.swift */ = {isa = PBXFileReference; lastKnownFileType = sourcecode.swift; path = AppDelegate.swift; sourceTree = "<group>"; };
		54EFFF8E21A00BD90074FFCB /* ViewController.swift */ = {isa = PBXFileReference; lastKnownFileType = sourcecode.swift; path = ViewController.swift; sourceTree = "<group>"; };
		54EFFF9121A00BD90074FFCB /* Base */ = {isa = PBXFileReference; lastKnownFileType = file.storyboard; name = Base; path = Base.lproj/Main.storyboard; sourceTree = "<group>"; };
		54EFFF9321A00BDA0074FFCB /* Assets.xcassets */ = {isa = PBXFileReference; lastKnownFileType = folder.assetcatalog; path = Assets.xcassets; sourceTree = "<group>"; };
		54EFFF9621A00BDA0074FFCB /* Base */ = {isa = PBXFileReference; lastKnownFileType = file.storyboard; name = Base; path = Base.lproj/LaunchScreen.storyboard; sourceTree = "<group>"; };
		54EFFF9821A00BDA0074FFCB /* Info.plist */ = {isa = PBXFileReference; lastKnownFileType = text.plist.xml; path = Info.plist; sourceTree = "<group>"; };
		54EFFF9E21A018DC0074FFCB /* Main2.storyboard */ = {isa = PBXFileReference; lastKnownFileType = file.storyboard; path = Main2.storyboard; sourceTree = "<group>"; };
		54EFFFAD21A0460A0074FFCB /* UItableViewExtension.swift */ = {isa = PBXFileReference; lastKnownFileType = sourcecode.swift; path = UItableViewExtension.swift; sourceTree = "<group>"; };
		54EFFFAF21A0473D0074FFCB /* MainHeaderView.xib */ = {isa = PBXFileReference; lastKnownFileType = file.xib; path = MainHeaderView.xib; sourceTree = "<group>"; };
		54EFFFB221A047940074FFCB /* MainHeaderView.swift */ = {isa = PBXFileReference; lastKnownFileType = sourcecode.swift; path = MainHeaderView.swift; sourceTree = "<group>"; };
		54EFFFB421A04B240074FFCB /* RequestsFeedViewController.swift */ = {isa = PBXFileReference; lastKnownFileType = sourcecode.swift; path = RequestsFeedViewController.swift; sourceTree = "<group>"; };
		DE1FFC2421A04DF200C696AD /* PinLayout+Warning.swift */ = {isa = PBXFileReference; fileEncoding = 4; lastKnownFileType = sourcecode.swift; path = "PinLayout+Warning.swift"; sourceTree = "<group>"; };
		DE1FFC2521A04DF200C696AD /* PinSafeArea.swift */ = {isa = PBXFileReference; fileEncoding = 4; lastKnownFileType = sourcecode.swift; path = PinSafeArea.swift; sourceTree = "<group>"; };
		DE1FFC2621A04DF200C696AD /* TypesImpl.swift */ = {isa = PBXFileReference; fileEncoding = 4; lastKnownFileType = sourcecode.swift; path = TypesImpl.swift; sourceTree = "<group>"; };
		DE1FFC2721A04DF200C696AD /* PinLayout+Coordinates.swift */ = {isa = PBXFileReference; fileEncoding = 4; lastKnownFileType = sourcecode.swift; path = "PinLayout+Coordinates.swift"; sourceTree = "<group>"; };
		DE1FFC2821A04DF200C696AD /* PinLayout+Layouting.swift */ = {isa = PBXFileReference; fileEncoding = 4; lastKnownFileType = sourcecode.swift; path = "PinLayout+Layouting.swift"; sourceTree = "<group>"; };
		DE1FFC2921A04DF200C696AD /* Percent.swift */ = {isa = PBXFileReference; fileEncoding = 4; lastKnownFileType = sourcecode.swift; path = Percent.swift; sourceTree = "<group>"; };
		DE1FFC2A21A04DF200C696AD /* Coordinates.swift */ = {isa = PBXFileReference; fileEncoding = 4; lastKnownFileType = sourcecode.swift; path = Coordinates.swift; sourceTree = "<group>"; };
		DE1FFC2B21A04DF200C696AD /* PinLayout+Between.swift */ = {isa = PBXFileReference; fileEncoding = 4; lastKnownFileType = sourcecode.swift; path = "PinLayout+Between.swift"; sourceTree = "<group>"; };
		DE1FFC2C21A04DF300C696AD /* PinLayout+WrapContent.swift */ = {isa = PBXFileReference; fileEncoding = 4; lastKnownFileType = sourcecode.swift; path = "PinLayout+WrapContent.swift"; sourceTree = "<group>"; };
		DE1FFC2D21A04DF300C696AD /* SizeCalculable.swift */ = {isa = PBXFileReference; fileEncoding = 4; lastKnownFileType = sourcecode.swift; path = SizeCalculable.swift; sourceTree = "<group>"; };
		DE1FFC2E21A04DF300C696AD /* Pin.swift */ = {isa = PBXFileReference; fileEncoding = 4; lastKnownFileType = sourcecode.swift; path = Pin.swift; sourceTree = "<group>"; };
		DE1FFC2F21A04DF300C696AD /* Layoutable+PinLayout.swift */ = {isa = PBXFileReference; fileEncoding = 4; lastKnownFileType = sourcecode.swift; path = "Layoutable+PinLayout.swift"; sourceTree = "<group>"; };
		DE1FFC3021A04DF300C696AD /* Filters.swift */ = {isa = PBXFileReference; fileEncoding = 4; lastKnownFileType = sourcecode.swift; path = Filters.swift; sourceTree = "<group>"; };
		DE1FFC3121A04DF300C696AD /* Types.swift */ = {isa = PBXFileReference; fileEncoding = 4; lastKnownFileType = sourcecode.swift; path = Types.swift; sourceTree = "<group>"; };
		DE1FFC3221A04DF300C696AD /* Types+Description.swift */ = {isa = PBXFileReference; fileEncoding = 4; lastKnownFileType = sourcecode.swift; path = "Types+Description.swift"; sourceTree = "<group>"; };
		DE1FFC3321A04DF300C696AD /* PinLayout.swift */ = {isa = PBXFileReference; fileEncoding = 4; lastKnownFileType = sourcecode.swift; path = PinLayout.swift; sourceTree = "<group>"; };
		DE1FFC3521A04DF300C696AD /* UIView+PinLayout.swift */ = {isa = PBXFileReference; fileEncoding = 4; lastKnownFileType = sourcecode.swift; path = "UIView+PinLayout.swift"; sourceTree = "<group>"; };
		DE1FFC3721A04DF300C696AD /* PEdgeInsets+Operators.swift */ = {isa = PBXFileReference; fileEncoding = 4; lastKnownFileType = sourcecode.swift; path = "PEdgeInsets+Operators.swift"; sourceTree = "<group>"; };
		DE1FFC3821A04DF300C696AD /* CALayer+PinLayout.swift */ = {isa = PBXFileReference; fileEncoding = 4; lastKnownFileType = sourcecode.swift; path = "CALayer+PinLayout.swift"; sourceTree = "<group>"; };
		DE1FFC3921A04DF300C696AD /* PinLayout+Relative.swift */ = {isa = PBXFileReference; fileEncoding = 4; lastKnownFileType = sourcecode.swift; path = "PinLayout+Relative.swift"; sourceTree = "<group>"; };
		DE1FFC3A21A04DF300C696AD /* Layoutable.swift */ = {isa = PBXFileReference; fileEncoding = 4; lastKnownFileType = sourcecode.swift; path = Layoutable.swift; sourceTree = "<group>"; };
		DE1FFC3B21A04DF300C696AD /* PinLayout+Size.swift */ = {isa = PBXFileReference; fileEncoding = 4; lastKnownFileType = sourcecode.swift; path = "PinLayout+Size.swift"; sourceTree = "<group>"; };
		DE6DAE5121A0213E0012040B /* UserSearchController.swift */ = {isa = PBXFileReference; lastKnownFileType = sourcecode.swift; path = UserSearchController.swift; sourceTree = "<group>"; };
/* End PBXFileReference section */

/* Begin PBXFrameworksBuildPhase section */
		54EFFF8621A00BD90074FFCB /* Frameworks */ = {
			isa = PBXFrameworksBuildPhase;
			buildActionMask = 2147483647;
			files = (
			);
			runOnlyForDeploymentPostprocessing = 0;
		};
/* End PBXFrameworksBuildPhase section */

/* Begin PBXGroup section */
		54EFFF8021A00BD90074FFCB = {
			isa = PBXGroup;
			children = (
				54EFFF8B21A00BD90074FFCB /* RosbankHackathon */,
				54EFFF8A21A00BD90074FFCB /* Products */,
			);
			sourceTree = "<group>";
		};
		54EFFF8A21A00BD90074FFCB /* Products */ = {
			isa = PBXGroup;
			children = (
				54EFFF8921A00BD90074FFCB /* RosbankHackathon.app */,
			);
			name = Products;
			sourceTree = "<group>";
		};
		54EFFF8B21A00BD90074FFCB /* RosbankHackathon */ = {
			isa = PBXGroup;
			children = (
				DE1FFC2021A04DB300C696AD /* support */,
				54EFFFB121A047770074FFCB /* View */,
				DE6DAE5021A020680012040B /* Module */,
				54EFFF8C21A00BD90074FFCB /* AppDelegate.swift */,
				54EFFF8E21A00BD90074FFCB /* ViewController.swift */,
				54EFFF9021A00BD90074FFCB /* Main.storyboard */,
				54EFFF9E21A018DC0074FFCB /* Main2.storyboard */,
				54EFFFB421A04B240074FFCB /* RequestsFeedViewController.swift */,
				54EFFFAF21A0473D0074FFCB /* MainHeaderView.xib */,
				54EFFF9321A00BDA0074FFCB /* Assets.xcassets */,
				54EFFF9521A00BDA0074FFCB /* LaunchScreen.storyboard */,
				54EFFF9821A00BDA0074FFCB /* Info.plist */,
			);
			path = RosbankHackathon;
			sourceTree = "<group>";
		};
		54EFFFB121A047770074FFCB /* View */ = {
			isa = PBXGroup;
			children = (
				54EFFFB221A047940074FFCB /* MainHeaderView.swift */,
			);
			path = View;
			sourceTree = "<group>";
		};
		DE1FFC2021A04DB300C696AD /* support */ = {
			isa = PBXGroup;
			children = (
				DE1FFC2121A04DB600C696AD /* lib */,
			);
			path = support;
			sourceTree = "<group>";
		};
		DE1FFC2121A04DB600C696AD /* lib */ = {
			isa = PBXGroup;
			children = (
				DE1FFC2221A04DDF00C696AD /* PinLayout */,
			);
			path = lib;
			sourceTree = "<group>";
		};
		DE1FFC2221A04DDF00C696AD /* PinLayout */ = {
			isa = PBXGroup;
			children = (
				DE1FFC3421A04DF300C696AD /* Extensions */,
				DE1FFC3021A04DF300C696AD /* Filters.swift */,
				DE1FFC2321A04DF200C696AD /* Impl */,
				DE1FFC3A21A04DF300C696AD /* Layoutable.swift */,
				DE1FFC2F21A04DF300C696AD /* Layoutable+PinLayout.swift */,
				DE1FFC2E21A04DF300C696AD /* Pin.swift */,
				DE1FFC3321A04DF300C696AD /* PinLayout.swift */,
				DE1FFC2B21A04DF200C696AD /* PinLayout+Between.swift */,
				DE1FFC3921A04DF300C696AD /* PinLayout+Relative.swift */,
				DE1FFC3B21A04DF300C696AD /* PinLayout+Size.swift */,
				DE1FFC2C21A04DF300C696AD /* PinLayout+WrapContent.swift */,
				DE1FFC2D21A04DF300C696AD /* SizeCalculable.swift */,
				DE1FFC3121A04DF300C696AD /* Types.swift */,
				DE1FFC3221A04DF300C696AD /* Types+Description.swift */,
			);
			path = PinLayout;
			sourceTree = "<group>";
		};
		DE1FFC2321A04DF200C696AD /* Impl */ = {
			isa = PBXGroup;
			children = (
				DE1FFC2421A04DF200C696AD /* PinLayout+Warning.swift */,
				DE1FFC2521A04DF200C696AD /* PinSafeArea.swift */,
				DE1FFC2621A04DF200C696AD /* TypesImpl.swift */,
				DE1FFC2721A04DF200C696AD /* PinLayout+Coordinates.swift */,
				DE1FFC2821A04DF200C696AD /* PinLayout+Layouting.swift */,
				DE1FFC2921A04DF200C696AD /* Percent.swift */,
				DE1FFC2A21A04DF200C696AD /* Coordinates.swift */,
			);
			path = Impl;
			sourceTree = "<group>";
		};
		DE1FFC3421A04DF300C696AD /* Extensions */ = {
			isa = PBXGroup;
			children = (
				DE1FFC3521A04DF300C696AD /* UIView+PinLayout.swift */,
				DE1FFC3721A04DF300C696AD /* PEdgeInsets+Operators.swift */,
				DE1FFC3821A04DF300C696AD /* CALayer+PinLayout.swift */,
			);
			path = Extensions;
			sourceTree = "<group>";
		};
		DE6DAE5021A020680012040B /* Module */ = {
			isa = PBXGroup;
			children = (
				DE6DAE5121A0213E0012040B /* UserSearchController.swift */,
				54EFFFAD21A0460A0074FFCB /* UItableViewExtension.swift */,
			);
			path = Module;
			sourceTree = "<group>";
		};
/* End PBXGroup section */

/* Begin PBXNativeTarget section */
		54EFFF8821A00BD90074FFCB /* RosbankHackathon */ = {
			isa = PBXNativeTarget;
			buildConfigurationList = 54EFFF9B21A00BDA0074FFCB /* Build configuration list for PBXNativeTarget "RosbankHackathon" */;
			buildPhases = (
				54EFFF8521A00BD90074FFCB /* Sources */,
				54EFFF8621A00BD90074FFCB /* Frameworks */,
				54EFFF8721A00BD90074FFCB /* Resources */,
			);
			buildRules = (
			);
			dependencies = (
			);
			name = RosbankHackathon;
			productName = RosbankHackathon;
			productReference = 54EFFF8921A00BD90074FFCB /* RosbankHackathon.app */;
			productType = "com.apple.product-type.application";
		};
/* End PBXNativeTarget section */

/* Begin PBXProject section */
		54EFFF8121A00BD90074FFCB /* Project object */ = {
			isa = PBXProject;
			attributes = {
				LastSwiftUpdateCheck = 1010;
				LastUpgradeCheck = 1010;
				ORGANIZATIONNAME = Semyon;
				TargetAttributes = {
					54EFFF8821A00BD90074FFCB = {
						CreatedOnToolsVersion = 10.1;
					};
				};
			};
			buildConfigurationList = 54EFFF8421A00BD90074FFCB /* Build configuration list for PBXProject "RosbankHackathon" */;
			compatibilityVersion = "Xcode 9.3";
			developmentRegion = en;
			hasScannedForEncodings = 0;
			knownRegions = (
				en,
				Base,
			);
			mainGroup = 54EFFF8021A00BD90074FFCB;
			productRefGroup = 54EFFF8A21A00BD90074FFCB /* Products */;
			projectDirPath = "";
			projectRoot = "";
			targets = (
				54EFFF8821A00BD90074FFCB /* RosbankHackathon */,
			);
		};
/* End PBXProject section */

/* Begin PBXResourcesBuildPhase section */
		54EFFF8721A00BD90074FFCB /* Resources */ = {
			isa = PBXResourcesBuildPhase;
			buildActionMask = 2147483647;
			files = (
				54EFFF9721A00BDA0074FFCB /* LaunchScreen.storyboard in Resources */,
				54EFFFB021A0473D0074FFCB /* MainHeaderView.xib in Resources */,
				54EFFF9421A00BDA0074FFCB /* Assets.xcassets in Resources */,
				54EFFF9F21A018DC0074FFCB /* Main2.storyboard in Resources */,
				54EFFF9221A00BD90074FFCB /* Main.storyboard in Resources */,
			);
			runOnlyForDeploymentPostprocessing = 0;
		};
/* End PBXResourcesBuildPhase section */

/* Begin PBXSourcesBuildPhase section */
		54EFFF8521A00BD90074FFCB /* Sources */ = {
			isa = PBXSourcesBuildPhase;
			buildActionMask = 2147483647;
			files = (
				54EFFFB521A04B240074FFCB /* RequestsFeedViewController.swift in Sources */,
				DE1FFC4B21A04DF300C696AD /* PinLayout.swift in Sources */,
				DE1FFC4621A04DF300C696AD /* Pin.swift in Sources */,
				DE1FFC4421A04DF300C696AD /* PinLayout+WrapContent.swift in Sources */,
				DE1FFC4921A04DF300C696AD /* Types.swift in Sources */,
				DE1FFC4521A04DF300C696AD /* SizeCalculable.swift in Sources */,
				DE1FFC3C21A04DF300C696AD /* PinLayout+Warning.swift in Sources */,
				DE1FFC4321A04DF300C696AD /* PinLayout+Between.swift in Sources */,
				DE1FFC5121A04DF300C696AD /* Layoutable.swift in Sources */,
				54EFFFB321A047940074FFCB /* MainHeaderView.swift in Sources */,
				DE1FFC4021A04DF300C696AD /* PinLayout+Layouting.swift in Sources */,
				DE1FFC5021A04DF300C696AD /* PinLayout+Relative.swift in Sources */,
				DE1FFC4F21A04DF300C696AD /* CALayer+PinLayout.swift in Sources */,
				DE1FFC3F21A04DF300C696AD /* PinLayout+Coordinates.swift in Sources */,
				DE1FFC4821A04DF300C696AD /* Filters.swift in Sources */,
				DE1FFC3D21A04DF300C696AD /* PinSafeArea.swift in Sources */,
				54EFFF8F21A00BD90074FFCB /* ViewController.swift in Sources */,
				DE1FFC4721A04DF300C696AD /* Layoutable+PinLayout.swift in Sources */,
				DE1FFC4C21A04DF300C696AD /* UIView+PinLayout.swift in Sources */,
				DE1FFC4A21A04DF300C696AD /* Types+Description.swift in Sources */,
				54EFFFAE21A0460A0074FFCB /* UItableViewExtension.swift in Sources */,
				DE1FFC3E21A04DF300C696AD /* TypesImpl.swift in Sources */,
				DE1FFC4221A04DF300C696AD /* Coordinates.swift in Sources */,
				DE1FFC5221A04DF300C696AD /* PinLayout+Size.swift in Sources */,
				DE1FFC4121A04DF300C696AD /* Percent.swift in Sources */,
				DE6DAE5221A0213E0012040B /* UserSearchController.swift in Sources */,
				DE1FFC4E21A04DF300C696AD /* PEdgeInsets+Operators.swift in Sources */,
				54EFFF8D21A00BD90074FFCB /* AppDelegate.swift in Sources */,
			);
			runOnlyForDeploymentPostprocessing = 0;
		};
/* End PBXSourcesBuildPhase section */

/* Begin PBXVariantGroup section */
		54EFFF9021A00BD90074FFCB /* Main.storyboard */ = {
			isa = PBXVariantGroup;
			children = (
				54EFFF9121A00BD90074FFCB /* Base */,
			);
			name = Main.storyboard;
			sourceTree = "<group>";
		};
		54EFFF9521A00BDA0074FFCB /* LaunchScreen.storyboard */ = {
			isa = PBXVariantGroup;
			children = (
				54EFFF9621A00BDA0074FFCB /* Base */,
			);
			name = LaunchScreen.storyboard;
			sourceTree = "<group>";
		};
/* End PBXVariantGroup section */

/* Begin XCBuildConfiguration section */
		54EFFF9921A00BDA0074FFCB /* Debug */ = {
			isa = XCBuildConfiguration;
			buildSettings = {
				ALWAYS_SEARCH_USER_PATHS = NO;
				CLANG_ANALYZER_NONNULL = YES;
				CLANG_ANALYZER_NUMBER_OBJECT_CONVERSION = YES_AGGRESSIVE;
				CLANG_CXX_LANGUAGE_STANDARD = "gnu++14";
				CLANG_CXX_LIBRARY = "libc++";
				CLANG_ENABLE_MODULES = YES;
				CLANG_ENABLE_OBJC_ARC = YES;
				CLANG_ENABLE_OBJC_WEAK = YES;
				CLANG_WARN_BLOCK_CAPTURE_AUTORELEASING = YES;
				CLANG_WARN_BOOL_CONVERSION = YES;
				CLANG_WARN_COMMA = YES;
				CLANG_WARN_CONSTANT_CONVERSION = YES;
				CLANG_WARN_DEPRECATED_OBJC_IMPLEMENTATIONS = YES;
				CLANG_WARN_DIRECT_OBJC_ISA_USAGE = YES_ERROR;
				CLANG_WARN_DOCUMENTATION_COMMENTS = YES;
				CLANG_WARN_EMPTY_BODY = YES;
				CLANG_WARN_ENUM_CONVERSION = YES;
				CLANG_WARN_INFINITE_RECURSION = YES;
				CLANG_WARN_INT_CONVERSION = YES;
				CLANG_WARN_NON_LITERAL_NULL_CONVERSION = YES;
				CLANG_WARN_OBJC_IMPLICIT_RETAIN_SELF = YES;
				CLANG_WARN_OBJC_LITERAL_CONVERSION = YES;
				CLANG_WARN_OBJC_ROOT_CLASS = YES_ERROR;
				CLANG_WARN_RANGE_LOOP_ANALYSIS = YES;
				CLANG_WARN_STRICT_PROTOTYPES = YES;
				CLANG_WARN_SUSPICIOUS_MOVE = YES;
				CLANG_WARN_UNGUARDED_AVAILABILITY = YES_AGGRESSIVE;
				CLANG_WARN_UNREACHABLE_CODE = YES;
				CLANG_WARN__DUPLICATE_METHOD_MATCH = YES;
				CODE_SIGN_IDENTITY = "iPhone Developer";
				COPY_PHASE_STRIP = NO;
				DEBUG_INFORMATION_FORMAT = dwarf;
				ENABLE_STRICT_OBJC_MSGSEND = YES;
				ENABLE_TESTABILITY = YES;
				GCC_C_LANGUAGE_STANDARD = gnu11;
				GCC_DYNAMIC_NO_PIC = NO;
				GCC_NO_COMMON_BLOCKS = YES;
				GCC_OPTIMIZATION_LEVEL = 0;
				GCC_PREPROCESSOR_DEFINITIONS = (
					"DEBUG=1",
					"$(inherited)",
				);
				GCC_WARN_64_TO_32_BIT_CONVERSION = YES;
				GCC_WARN_ABOUT_RETURN_TYPE = YES_ERROR;
				GCC_WARN_UNDECLARED_SELECTOR = YES;
				GCC_WARN_UNINITIALIZED_AUTOS = YES_AGGRESSIVE;
				GCC_WARN_UNUSED_FUNCTION = YES;
				GCC_WARN_UNUSED_VARIABLE = YES;
				IPHONEOS_DEPLOYMENT_TARGET = 11.0;
				MTL_ENABLE_DEBUG_INFO = INCLUDE_SOURCE;
				MTL_FAST_MATH = YES;
				ONLY_ACTIVE_ARCH = YES;
				SDKROOT = iphoneos;
				SWIFT_ACTIVE_COMPILATION_CONDITIONS = DEBUG;
				SWIFT_OPTIMIZATION_LEVEL = "-Onone";
			};
			name = Debug;
		};
		54EFFF9A21A00BDA0074FFCB /* Release */ = {
			isa = XCBuildConfiguration;
			buildSettings = {
				ALWAYS_SEARCH_USER_PATHS = NO;
				CLANG_ANALYZER_NONNULL = YES;
				CLANG_ANALYZER_NUMBER_OBJECT_CONVERSION = YES_AGGRESSIVE;
				CLANG_CXX_LANGUAGE_STANDARD = "gnu++14";
				CLANG_CXX_LIBRARY = "libc++";
				CLANG_ENABLE_MODULES = YES;
				CLANG_ENABLE_OBJC_ARC = YES;
				CLANG_ENABLE_OBJC_WEAK = YES;
				CLANG_WARN_BLOCK_CAPTURE_AUTORELEASING = YES;
				CLANG_WARN_BOOL_CONVERSION = YES;
				CLANG_WARN_COMMA = YES;
				CLANG_WARN_CONSTANT_CONVERSION = YES;
				CLANG_WARN_DEPRECATED_OBJC_IMPLEMENTATIONS = YES;
				CLANG_WARN_DIRECT_OBJC_ISA_USAGE = YES_ERROR;
				CLANG_WARN_DOCUMENTATION_COMMENTS = YES;
				CLANG_WARN_EMPTY_BODY = YES;
				CLANG_WARN_ENUM_CONVERSION = YES;
				CLANG_WARN_INFINITE_RECURSION = YES;
				CLANG_WARN_INT_CONVERSION = YES;
				CLANG_WARN_NON_LITERAL_NULL_CONVERSION = YES;
				CLANG_WARN_OBJC_IMPLICIT_RETAIN_SELF = YES;
				CLANG_WARN_OBJC_LITERAL_CONVERSION = YES;
				CLANG_WARN_OBJC_ROOT_CLASS = YES_ERROR;
				CLANG_WARN_RANGE_LOOP_ANALYSIS = YES;
				CLANG_WARN_STRICT_PROTOTYPES = YES;
				CLANG_WARN_SUSPICIOUS_MOVE = YES;
				CLANG_WARN_UNGUARDED_AVAILABILITY = YES_AGGRESSIVE;
				CLANG_WARN_UNREACHABLE_CODE = YES;
				CLANG_WARN__DUPLICATE_METHOD_MATCH = YES;
				CODE_SIGN_IDENTITY = "iPhone Developer";
				COPY_PHASE_STRIP = NO;
				DEBUG_INFORMATION_FORMAT = "dwarf-with-dsym";
				ENABLE_NS_ASSERTIONS = NO;
				ENABLE_STRICT_OBJC_MSGSEND = YES;
				GCC_C_LANGUAGE_STANDARD = gnu11;
				GCC_NO_COMMON_BLOCKS = YES;
				GCC_WARN_64_TO_32_BIT_CONVERSION = YES;
				GCC_WARN_ABOUT_RETURN_TYPE = YES_ERROR;
				GCC_WARN_UNDECLARED_SELECTOR = YES;
				GCC_WARN_UNINITIALIZED_AUTOS = YES_AGGRESSIVE;
				GCC_WARN_UNUSED_FUNCTION = YES;
				GCC_WARN_UNUSED_VARIABLE = YES;
				IPHONEOS_DEPLOYMENT_TARGET = 11.0;
				MTL_ENABLE_DEBUG_INFO = NO;
				MTL_FAST_MATH = YES;
				SDKROOT = iphoneos;
				SWIFT_COMPILATION_MODE = wholemodule;
				SWIFT_OPTIMIZATION_LEVEL = "-O";
				VALIDATE_PRODUCT = YES;
			};
			name = Release;
		};
		54EFFF9C21A00BDA0074FFCB /* Debug */ = {
			isa = XCBuildConfiguration;
			buildSettings = {
				ASSETCATALOG_COMPILER_APPICON_NAME = AppIcon;
				CODE_SIGN_STYLE = Automatic;
				DEVELOPMENT_TEAM = W2H48J22L4;
				INFOPLIST_FILE = RosbankHackathon/Info.plist;
				IPHONEOS_DEPLOYMENT_TARGET = 11.1;
				LD_RUNPATH_SEARCH_PATHS = (
					"$(inherited)",
					"@executable_path/Frameworks",
				);
				PRODUCT_BUNDLE_IDENTIFIER = Semyon.RosbankHackathon;
				PRODUCT_NAME = "$(TARGET_NAME)";
				SWIFT_VERSION = 4.2;
				TARGETED_DEVICE_FAMILY = "1,2";
			};
			name = Debug;
		};
		54EFFF9D21A00BDA0074FFCB /* Release */ = {
			isa = XCBuildConfiguration;
			buildSettings = {
				ASSETCATALOG_COMPILER_APPICON_NAME = AppIcon;
				CODE_SIGN_STYLE = Automatic;
				DEVELOPMENT_TEAM = W2H48J22L4;
				INFOPLIST_FILE = RosbankHackathon/Info.plist;
				IPHONEOS_DEPLOYMENT_TARGET = 11.1;
				LD_RUNPATH_SEARCH_PATHS = (
					"$(inherited)",
					"@executable_path/Frameworks",
				);
				PRODUCT_BUNDLE_IDENTIFIER = Semyon.RosbankHackathon;
				PRODUCT_NAME = "$(TARGET_NAME)";
				SWIFT_VERSION = 4.2;
				TARGETED_DEVICE_FAMILY = "1,2";
			};
			name = Release;
		};
/* End XCBuildConfiguration section */

/* Begin XCConfigurationList section */
		54EFFF8421A00BD90074FFCB /* Build configuration list for PBXProject "RosbankHackathon" */ = {
			isa = XCConfigurationList;
			buildConfigurations = (
				54EFFF9921A00BDA0074FFCB /* Debug */,
				54EFFF9A21A00BDA0074FFCB /* Release */,
			);
			defaultConfigurationIsVisible = 0;
			defaultConfigurationName = Release;
		};
		54EFFF9B21A00BDA0074FFCB /* Build configuration list for PBXNativeTarget "RosbankHackathon" */ = {
			isa = XCConfigurationList;
			buildConfigurations = (
				54EFFF9C21A00BDA0074FFCB /* Debug */,
				54EFFF9D21A00BDA0074FFCB /* Release */,
			);
			defaultConfigurationIsVisible = 0;
			defaultConfigurationName = Release;
		};
/* End XCConfigurationList section */
	};
	rootObject = 54EFFF8121A00BD90074FFCB /* Project object */;
}
